
Microsoft Visual Studio Solution File, Format Version 12.00
# Visual Studio Version 17
VisualStudioVersion = 17.9.34723.18
MinimumVisualStudioVersion = 10.0.40219.1
Project("{8BC9CEB8-8B4A-11D0-8D11-00A0C91BC942}") = "CudaIterSolver", "CudaIterSolver.vcxproj", "{04258FFB-FCDB-4F3F-AC87-F4A8480F8894}"
EndProject
Global
	GlobalSection(SolutionConfigurationPlatforms) = preSolution
		Debug|x64 = Debug|x64
		Release|x64 = Release|x64
	EndGlobalSection
	GlobalSection(ProjectConfigurationPlatforms) = postSolution
		{04258FFB-FCDB-4F3F-AC87-F4A8480F8894}.Debug|x64.ActiveCfg = Debug|x64
		{04258FFB-FCDB-4F3F-AC87-F4A8480F8894}.Debug|x64.Build.0 = Debug|x64
		{04258FFB-FCDB-4F3F-AC87-F4A8480F8894}.Release|x64.ActiveCfg = Release|x64
		{04258FFB-FCDB-4F3F-AC87-F4A8480F8894}.Release|x64.Build.0 = Release|x64
	EndGlobalSection
	GlobalSection(SolutionProperties) = preSolution
		HideSolutionNode = FALSE
	EndGlobalSection
	GlobalSection(ExtensibilityGlobals) = postSolution
		SolutionGuid = {B23D0893-C662-4378-979B-FDDB6C1C9049}
	EndGlobalSection
EndGlobal
